
Microsoft Visual Studio Solution File, Format Version 12.00
# Visual Studio Version 16
VisualStudioVersion = 16.0.31624.102
MinimumVisualStudioVersion = 10.0.40219.1
Project("{FAE04EC0-301F-11D3-BF4B-00C04F79EFBC}") = "Pipeline", "Pipeline\Pipeline.csproj", "{65BE9E4B-3E0D-46A4-9B61-BA5A07FC9F9B}"
EndProject
Global
	GlobalSection(SolutionConfigurationPlatforms) = preSolution
		Debug|Any CPU = Debug|Any CPU
		Release|Any CPU = Release|Any CPU
	EndGlobalSection
	GlobalSection(ProjectConfigurationPlatforms) = postSolution
		{65BE9E4B-3E0D-46A4-9B61-BA5A07FC9F9B}.Debug|Any CPU.ActiveCfg = Debug|Any CPU
		{65BE9E4B-3E0D-46A4-9B61-BA5A07FC9F9B}.Debug|Any CPU.Build.0 = Debug|Any CPU
		{65BE9E4B-3E0D-46A4-9B61-BA5A07FC9F9B}.Release|Any CPU.ActiveCfg = Release|Any CPU
		{65BE9E4B-3E0D-46A4-9B61-BA5A07FC9F9B}.Release|Any CPU.Build.0 = Release|Any CPU
	EndGlobalSection
	GlobalSection(SolutionProperties) = preSolution
		HideSolutionNode = FALSE
	EndGlobalSection
	GlobalSection(ExtensibilityGlobals) = postSolution
		SolutionGuid = {DD7DFE46-4787-4686-917E-14307ECADBE4}
	EndGlobalSection
EndGlobal
